
Microsoft Visual Studio Solution File, Format Version 12.00
# Visual Studio Version 16
VisualStudioVersion = 16.0.30804.86
MinimumVisualStudioVersion = 10.0.40219.1
Project("{F184B08F-C81C-45F6-A57F-5ABD9991F28F}") = "Exam Grading system (Forms App)", "Exam Grading system (Forms App).vbproj", "{E789FFBE-19AB-4C78-8727-B8F7D27EE361}"
EndProject
Global
	GlobalSection(SolutionConfigurationPlatforms) = preSolution
		Debug|Any CPU = Debug|Any CPU
		Release|Any CPU = Release|Any CPU
	EndGlobalSection
	GlobalSection(ProjectConfigurationPlatforms) = postSolution
		{E789FFBE-19AB-4C78-8727-B8F7D27EE361}.Debug|Any CPU.ActiveCfg = Debug|Any CPU
		{E789FFBE-19AB-4C78-8727-B8F7D27EE361}.Debug|Any CPU.Build.0 = Debug|Any CPU
		{E789FFBE-19AB-4C78-8727-B8F7D27EE361}.Release|Any CPU.ActiveCfg = Release|Any CPU
		{E789FFBE-19AB-4C78-8727-B8F7D27EE361}.Release|Any CPU.Build.0 = Release|Any CPU
	EndGlobalSection
	GlobalSection(SolutionProperties) = preSolution
		HideSolutionNode = FALSE
	EndGlobalSection
	GlobalSection(ExtensibilityGlobals) = postSolution
		SolutionGuid = {BD7F39BC-3356-455C-A243-8BCC7C56A8D7}
	EndGlobalSection
EndGlobal
