
Microsoft Visual Studio Solution File, Format Version 12.00
# Visual Studio Version 16
VisualStudioVersion = 16.0.30804.86
MinimumVisualStudioVersion = 10.0.40219.1
Project("{F184B08F-C81C-45F6-A57F-5ABD9991F28F}") = "WHILE Loop task Pg 60", "WHILE Loop task Pg 60.vbproj", "{6B99C706-8A63-41AD-A2CD-AFA573C7C1C5}"
EndProject
Global
	GlobalSection(SolutionConfigurationPlatforms) = preSolution
		Debug|Any CPU = Debug|Any CPU
		Release|Any CPU = Release|Any CPU
	EndGlobalSection
	GlobalSection(ProjectConfigurationPlatforms) = postSolution
		{6B99C706-8A63-41AD-A2CD-AFA573C7C1C5}.Debug|Any CPU.ActiveCfg = Debug|Any CPU
		{6B99C706-8A63-41AD-A2CD-AFA573C7C1C5}.Debug|Any CPU.Build.0 = Debug|Any CPU
		{6B99C706-8A63-41AD-A2CD-AFA573C7C1C5}.Release|Any CPU.ActiveCfg = Release|Any CPU
		{6B99C706-8A63-41AD-A2CD-AFA573C7C1C5}.Release|Any CPU.Build.0 = Release|Any CPU
	EndGlobalSection
	GlobalSection(SolutionProperties) = preSolution
		HideSolutionNode = FALSE
	EndGlobalSection
	GlobalSection(ExtensibilityGlobals) = postSolution
		SolutionGuid = {AC8282A2-895D-466F-9EAD-7FFAA59DD639}
	EndGlobalSection
EndGlobal
